
Microsoft Visual Studio Solution File, Format Version 12.00
# Visual Studio 15
VisualStudioVersion = 15.0.26124.0
MinimumVisualStudioVersion = 15.0.26124.0
Project("{2150E333-8FDC-42A3-9474-1A3956D46DE8}") = "src", "src", "{DF511F34-5A8C-42CC-B1F0-6BB6FE6C37A4}"
EndProject
Project("{FAE04EC0-301F-11D3-BF4B-00C04F79EFBC}") = "Jhipster", "src\Jhipster\Jhipster.csproj", "{092E3A68-F1CD-45A4-A378-A885F9B06564}"
EndProject
Project("{2150E333-8FDC-42A3-9474-1A3956D46DE8}") = "test", "test", "{47BE78A6-332E-415A-BCFF-9FD4D50CEFF3}"
EndProject
Project("{FAE04EC0-301F-11D3-BF4B-00C04F79EFBC}") = "Jhipster.Test", "test\Jhipster.Test\Jhipster.Test.csproj", "{4B09EF82-B980-4336-B406-AEB638F77C64}"
EndProject
Project("{FAE04EC0-301F-11D3-BF4B-00C04F79EFBC}") = "Jhipster.Crosscutting", "src\Jhipster.Crosscutting\Jhipster.Crosscutting.csproj", "{7F91C847-76D2-4F94-88DE-D2EEB1AFE720}"
EndProject
Project("{FAE04EC0-301F-11D3-BF4B-00C04F79EFBC}") = "Jhipster.Domain", "src\Jhipster.Domain\Jhipster.Domain.csproj", "{D23A1395-B226-4FE2-9890-D629DAF5393A}"
EndProject
Project("{FAE04EC0-301F-11D3-BF4B-00C04F79EFBC}") = "Jhipster.Dto", "src\Jhipster.Dto\Jhipster.Dto.csproj", "{B4596831-ADFA-4B92-A787-1070A59776CD}"
EndProject
Project("{FAE04EC0-301F-11D3-BF4B-00C04F79EFBC}") = "Jhipster.Domain.Services", "src\Jhipster.Domain.Services\Jhipster.Domain.Services.csproj", "{54A0B109-E458-43C8-B27D-AE17C8046598}"
EndProject
Project("{FAE04EC0-301F-11D3-BF4B-00C04F79EFBC}") = "Jhipster.Infrastructure", "src\Jhipster.Infrastructure\Jhipster.Infrastructure.csproj", "{00F45CD8-2046-4B67-983F-4716074A4CEE}"
EndProject
Project("{FAE04EC0-301F-11D3-BF4B-00C04F79EFBC}") = "TextTemplateCSharp", "src\TextTemplate\TextTemplateCSharp.csproj", "{7F7C2841-21B0-4958-B80B-622076ECE4B2}"
EndProject
Global
	GlobalSection(SolutionConfigurationPlatforms) = preSolution
		Debug|Any CPU = Debug|Any CPU
		Debug|x64 = Debug|x64
		Debug|x86 = Debug|x86
		Release|Any CPU = Release|Any CPU
		Release|x64 = Release|x64
		Release|x86 = Release|x86
	EndGlobalSection
	GlobalSection(SolutionProperties) = preSolution
		HideSolutionNode = FALSE
	EndGlobalSection
	GlobalSection(ProjectConfigurationPlatforms) = postSolution
		{092E3A68-F1CD-45A4-A378-A885F9B06564}.Debug|Any CPU.ActiveCfg = Debug|Any CPU
		{092E3A68-F1CD-45A4-A378-A885F9B06564}.Debug|Any CPU.Build.0 = Debug|Any CPU
		{092E3A68-F1CD-45A4-A378-A885F9B06564}.Debug|x64.ActiveCfg = Debug|Any CPU
		{092E3A68-F1CD-45A4-A378-A885F9B06564}.Debug|x64.Build.0 = Debug|Any CPU
		{092E3A68-F1CD-45A4-A378-A885F9B06564}.Debug|x86.ActiveCfg = Debug|Any CPU
		{092E3A68-F1CD-45A4-A378-A885F9B06564}.Debug|x86.Build.0 = Debug|Any CPU
		{092E3A68-F1CD-45A4-A378-A885F9B06564}.Release|Any CPU.ActiveCfg = Release|Any CPU
		{092E3A68-F1CD-45A4-A378-A885F9B06564}.Release|Any CPU.Build.0 = Release|Any CPU
		{092E3A68-F1CD-45A4-A378-A885F9B06564}.Release|x64.ActiveCfg = Release|Any CPU
		{092E3A68-F1CD-45A4-A378-A885F9B06564}.Release|x64.Build.0 = Release|Any CPU
		{092E3A68-F1CD-45A4-A378-A885F9B06564}.Release|x86.ActiveCfg = Release|Any CPU
		{092E3A68-F1CD-45A4-A378-A885F9B06564}.Release|x86.Build.0 = Release|Any CPU
		{4B09EF82-B980-4336-B406-AEB638F77C64}.Debug|Any CPU.ActiveCfg = Debug|Any CPU
		{4B09EF82-B980-4336-B406-AEB638F77C64}.Debug|Any CPU.Build.0 = Debug|Any CPU
		{4B09EF82-B980-4336-B406-AEB638F77C64}.Debug|x64.ActiveCfg = Debug|Any CPU
		{4B09EF82-B980-4336-B406-AEB638F77C64}.Debug|x64.Build.0 = Debug|Any CPU
		{4B09EF82-B980-4336-B406-AEB638F77C64}.Debug|x86.ActiveCfg = Debug|Any CPU
		{4B09EF82-B980-4336-B406-AEB638F77C64}.Debug|x86.Build.0 = Debug|Any CPU
		{4B09EF82-B980-4336-B406-AEB638F77C64}.Release|Any CPU.ActiveCfg = Release|Any CPU
		{4B09EF82-B980-4336-B406-AEB638F77C64}.Release|Any CPU.Build.0 = Release|Any CPU
		{4B09EF82-B980-4336-B406-AEB638F77C64}.Release|x64.ActiveCfg = Release|Any CPU
		{4B09EF82-B980-4336-B406-AEB638F77C64}.Release|x64.Build.0 = Release|Any CPU
		{4B09EF82-B980-4336-B406-AEB638F77C64}.Release|x86.ActiveCfg = Release|Any CPU
		{4B09EF82-B980-4336-B406-AEB638F77C64}.Release|x86.Build.0 = Release|Any CPU
		{7F91C847-76D2-4F94-88DE-D2EEB1AFE720}.Debug|Any CPU.ActiveCfg = Debug|Any CPU
		{7F91C847-76D2-4F94-88DE-D2EEB1AFE720}.Debug|Any CPU.Build.0 = Debug|Any CPU
		{7F91C847-76D2-4F94-88DE-D2EEB1AFE720}.Debug|x64.ActiveCfg = Debug|Any CPU
		{7F91C847-76D2-4F94-88DE-D2EEB1AFE720}.Debug|x64.Build.0 = Debug|Any CPU
		{7F91C847-76D2-4F94-88DE-D2EEB1AFE720}.Debug|x86.ActiveCfg = Debug|Any CPU
		{7F91C847-76D2-4F94-88DE-D2EEB1AFE720}.Debug|x86.Build.0 = Debug|Any CPU
		{7F91C847-76D2-4F94-88DE-D2EEB1AFE720}.Release|Any CPU.ActiveCfg = Release|Any CPU
		{7F91C847-76D2-4F94-88DE-D2EEB1AFE720}.Release|Any CPU.Build.0 = Release|Any CPU
		{7F91C847-76D2-4F94-88DE-D2EEB1AFE720}.Release|x64.ActiveCfg = Release|Any CPU
		{7F91C847-76D2-4F94-88DE-D2EEB1AFE720}.Release|x64.Build.0 = Release|Any CPU
		{7F91C847-76D2-4F94-88DE-D2EEB1AFE720}.Release|x86.ActiveCfg = Release|Any CPU
		{7F91C847-76D2-4F94-88DE-D2EEB1AFE720}.Release|x86.Build.0 = Release|Any CPU
		{D23A1395-B226-4FE2-9890-D629DAF5393A}.Debug|Any CPU.ActiveCfg = Debug|Any CPU
		{D23A1395-B226-4FE2-9890-D629DAF5393A}.Debug|Any CPU.Build.0 = Debug|Any CPU
		{D23A1395-B226-4FE2-9890-D629DAF5393A}.Debug|x64.ActiveCfg = Debug|Any CPU
		{D23A1395-B226-4FE2-9890-D629DAF5393A}.Debug|x64.Build.0 = Debug|Any CPU
		{D23A1395-B226-4FE2-9890-D629DAF5393A}.Debug|x86.ActiveCfg = Debug|Any CPU
		{D23A1395-B226-4FE2-9890-D629DAF5393A}.Debug|x86.Build.0 = Debug|Any CPU
		{D23A1395-B226-4FE2-9890-D629DAF5393A}.Release|Any CPU.ActiveCfg = Release|Any CPU
		{D23A1395-B226-4FE2-9890-D629DAF5393A}.Release|Any CPU.Build.0 = Release|Any CPU
		{D23A1395-B226-4FE2-9890-D629DAF5393A}.Release|x64.ActiveCfg = Release|Any CPU
		{D23A1395-B226-4FE2-9890-D629DAF5393A}.Release|x64.Build.0 = Release|Any CPU
		{D23A1395-B226-4FE2-9890-D629DAF5393A}.Release|x86.ActiveCfg = Release|Any CPU
		{D23A1395-B226-4FE2-9890-D629DAF5393A}.Release|x86.Build.0 = Release|Any CPU
		{B4596831-ADFA-4B92-A787-1070A59776CD}.Debug|Any CPU.ActiveCfg = Debug|Any CPU
		{B4596831-ADFA-4B92-A787-1070A59776CD}.Debug|Any CPU.Build.0 = Debug|Any CPU
		{B4596831-ADFA-4B92-A787-1070A59776CD}.Debug|x64.ActiveCfg = Debug|Any CPU
		{B4596831-ADFA-4B92-A787-1070A59776CD}.Debug|x64.Build.0 = Debug|Any CPU
		{B4596831-ADFA-4B92-A787-1070A59776CD}.Debug|x86.ActiveCfg = Debug|Any CPU
		{B4596831-ADFA-4B92-A787-1070A59776CD}.Debug|x86.Build.0 = Debug|Any CPU
		{B4596831-ADFA-4B92-A787-1070A59776CD}.Release|Any CPU.ActiveCfg = Release|Any CPU
		{B4596831-ADFA-4B92-A787-1070A59776CD}.Release|Any CPU.Build.0 = Release|Any CPU
		{B4596831-ADFA-4B92-A787-1070A59776CD}.Release|x64.ActiveCfg = Release|Any CPU
		{B4596831-ADFA-4B92-A787-1070A59776CD}.Release|x64.Build.0 = Release|Any CPU
		{B4596831-ADFA-4B92-A787-1070A59776CD}.Release|x86.ActiveCfg = Release|Any CPU
		{B4596831-ADFA-4B92-A787-1070A59776CD}.Release|x86.Build.0 = Release|Any CPU
		{54A0B109-E458-43C8-B27D-AE17C8046598}.Debug|Any CPU.ActiveCfg = Debug|Any CPU
		{54A0B109-E458-43C8-B27D-AE17C8046598}.Debug|Any CPU.Build.0 = Debug|Any CPU
		{54A0B109-E458-43C8-B27D-AE17C8046598}.Debug|x64.ActiveCfg = Debug|Any CPU
		{54A0B109-E458-43C8-B27D-AE17C8046598}.Debug|x64.Build.0 = Debug|Any CPU
		{54A0B109-E458-43C8-B27D-AE17C8046598}.Debug|x86.ActiveCfg = Debug|Any CPU
		{54A0B109-E458-43C8-B27D-AE17C8046598}.Debug|x86.Build.0 = Debug|Any CPU
		{54A0B109-E458-43C8-B27D-AE17C8046598}.Release|Any CPU.ActiveCfg = Release|Any CPU
		{54A0B109-E458-43C8-B27D-AE17C8046598}.Release|Any CPU.Build.0 = Release|Any CPU
		{54A0B109-E458-43C8-B27D-AE17C8046598}.Release|x64.ActiveCfg = Release|Any CPU
		{54A0B109-E458-43C8-B27D-AE17C8046598}.Release|x64.Build.0 = Release|Any CPU
		{54A0B109-E458-43C8-B27D-AE17C8046598}.Release|x86.ActiveCfg = Release|Any CPU
		{54A0B109-E458-43C8-B27D-AE17C8046598}.Release|x86.Build.0 = Release|Any CPU
		{00F45CD8-2046-4B67-983F-4716074A4CEE}.Debug|Any CPU.ActiveCfg = Debug|Any CPU
		{00F45CD8-2046-4B67-983F-4716074A4CEE}.Debug|Any CPU.Build.0 = Debug|Any CPU
		{00F45CD8-2046-4B67-983F-4716074A4CEE}.Debug|x64.ActiveCfg = Debug|Any CPU
		{00F45CD8-2046-4B67-983F-4716074A4CEE}.Debug|x64.Build.0 = Debug|Any CPU
		{00F45CD8-2046-4B67-983F-4716074A4CEE}.Debug|x86.ActiveCfg = Debug|Any CPU
		{00F45CD8-2046-4B67-983F-4716074A4CEE}.Debug|x86.Build.0 = Debug|Any CPU
		{00F45CD8-2046-4B67-983F-4716074A4CEE}.Release|Any CPU.ActiveCfg = Release|Any CPU
		{00F45CD8-2046-4B67-983F-4716074A4CEE}.Release|Any CPU.Build.0 = Release|Any CPU
		{00F45CD8-2046-4B67-983F-4716074A4CEE}.Release|x64.ActiveCfg = Release|Any CPU
		{00F45CD8-2046-4B67-983F-4716074A4CEE}.Release|x64.Build.0 = Release|Any CPU
		{00F45CD8-2046-4B67-983F-4716074A4CEE}.Release|x86.ActiveCfg = Release|Any CPU
		{00F45CD8-2046-4B67-983F-4716074A4CEE}.Release|x86.Build.0 = Release|Any CPU
		{7F7C2841-21B0-4958-B80B-622076ECE4B2}.Debug|Any CPU.ActiveCfg = Debug|Any CPU
		{7F7C2841-21B0-4958-B80B-622076ECE4B2}.Debug|Any CPU.Build.0 = Debug|Any CPU
		{7F7C2841-21B0-4958-B80B-622076ECE4B2}.Debug|x64.ActiveCfg = Debug|Any CPU
		{7F7C2841-21B0-4958-B80B-622076ECE4B2}.Debug|x64.Build.0 = Debug|Any CPU
		{7F7C2841-21B0-4958-B80B-622076ECE4B2}.Debug|x86.ActiveCfg = Debug|Any CPU
		{7F7C2841-21B0-4958-B80B-622076ECE4B2}.Debug|x86.Build.0 = Debug|Any CPU
		{7F7C2841-21B0-4958-B80B-622076ECE4B2}.Release|Any CPU.ActiveCfg = Release|Any CPU
		{7F7C2841-21B0-4958-B80B-622076ECE4B2}.Release|Any CPU.Build.0 = Release|Any CPU
		{7F7C2841-21B0-4958-B80B-622076ECE4B2}.Release|x64.ActiveCfg = Release|Any CPU
		{7F7C2841-21B0-4958-B80B-622076ECE4B2}.Release|x64.Build.0 = Release|Any CPU
		{7F7C2841-21B0-4958-B80B-622076ECE4B2}.Release|x86.ActiveCfg = Release|Any CPU
		{7F7C2841-21B0-4958-B80B-622076ECE4B2}.Release|x86.Build.0 = Release|Any CPU
	EndGlobalSection
	GlobalSection(NestedProjects) = preSolution
		{092E3A68-F1CD-45A4-A378-A885F9B06564} = {DF511F34-5A8C-42CC-B1F0-6BB6FE6C37A4}
		{4B09EF82-B980-4336-B406-AEB638F77C64} = {47BE78A6-332E-415A-BCFF-9FD4D50CEFF3}
		{7F91C847-76D2-4F94-88DE-D2EEB1AFE720} = {DF511F34-5A8C-42CC-B1F0-6BB6FE6C37A4}
		{D23A1395-B226-4FE2-9890-D629DAF5393A} = {DF511F34-5A8C-42CC-B1F0-6BB6FE6C37A4}
		{B4596831-ADFA-4B92-A787-1070A59776CD} = {DF511F34-5A8C-42CC-B1F0-6BB6FE6C37A4}
		{54A0B109-E458-43C8-B27D-AE17C8046598} = {DF511F34-5A8C-42CC-B1F0-6BB6FE6C37A4}
		{00F45CD8-2046-4B67-983F-4716074A4CEE} = {DF511F34-5A8C-42CC-B1F0-6BB6FE6C37A4}
		{7F7C2841-21B0-4958-B80B-622076ECE4B2} = {DF511F34-5A8C-42CC-B1F0-6BB6FE6C37A4}
	EndGlobalSection
EndGlobal
