
Microsoft Visual Studio Solution File, Format Version 12.00
# Visual Studio 15
VisualStudioVersion = 15.0.26124.0
MinimumVisualStudioVersion = 15.0.26124.0
Project("{2150E333-8FDC-42A3-9474-1A3956D46DE8}") = "src", "src", "{EE66063E-BADC-46F7-9F90-C4007CF01B80}"
EndProject
Project("{FAE04EC0-301F-11D3-BF4B-00C04F79EFBC}") = "Jhipster", "src\Jhipster\Jhipster.csproj", "{BDAE60A5-920C-4A7D-A56C-CA997D62B0B6}"
EndProject
Project("{2150E333-8FDC-42A3-9474-1A3956D46DE8}") = "test", "test", "{FF85C2EC-A1D5-4B72-8550-2400F2B918F1}"
EndProject
Project("{FAE04EC0-301F-11D3-BF4B-00C04F79EFBC}") = "Jhipster.Test", "test\Jhipster.Test\Jhipster.Test.csproj", "{4CA1551F-42EF-4812-A804-A1FA50039147}"
EndProject
Project("{FAE04EC0-301F-11D3-BF4B-00C04F79EFBC}") = "Jhipster.Crosscutting", "src\Jhipster.Crosscutting\Jhipster.Crosscutting.csproj", "{3EC53F39-C107-45D5-9B21-24DFB4A4DCD1}"
EndProject
Project("{FAE04EC0-301F-11D3-BF4B-00C04F79EFBC}") = "Jhipster.Domain", "src\Jhipster.Domain\Jhipster.Domain.csproj", "{DA386F08-9F6B-45EB-8766-868BF486C7BE}"
EndProject
Project("{FAE04EC0-301F-11D3-BF4B-00C04F79EFBC}") = "Jhipster.Dto", "src\Jhipster.Dto\Jhipster.Dto.csproj", "{78D1C038-C145-480A-8C13-C2CD79BFBA03}"
EndProject
Project("{FAE04EC0-301F-11D3-BF4B-00C04F79EFBC}") = "Jhipster.Domain.Services", "src\Jhipster.Domain.Services\Jhipster.Domain.Services.csproj", "{29032E00-D186-404C-9387-937F376AF071}"
EndProject
Project("{FAE04EC0-301F-11D3-BF4B-00C04F79EFBC}") = "Jhipster.Infrastructure", "src\Jhipster.Infrastructure\Jhipster.Infrastructure.csproj", "{074EBFA6-9B15-4196-A38A-EF739DDF3DBB}"
EndProject
Global
	GlobalSection(SolutionConfigurationPlatforms) = preSolution
		Debug|Any CPU = Debug|Any CPU
		Debug|x64 = Debug|x64
		Debug|x86 = Debug|x86
		Release|Any CPU = Release|Any CPU
		Release|x64 = Release|x64
		Release|x86 = Release|x86
	EndGlobalSection
	GlobalSection(SolutionProperties) = preSolution
		HideSolutionNode = FALSE
	EndGlobalSection
	GlobalSection(ProjectConfigurationPlatforms) = postSolution
		{BDAE60A5-920C-4A7D-A56C-CA997D62B0B6}.Debug|Any CPU.ActiveCfg = Debug|Any CPU
		{BDAE60A5-920C-4A7D-A56C-CA997D62B0B6}.Debug|Any CPU.Build.0 = Debug|Any CPU
		{BDAE60A5-920C-4A7D-A56C-CA997D62B0B6}.Debug|x64.ActiveCfg = Debug|Any CPU
		{BDAE60A5-920C-4A7D-A56C-CA997D62B0B6}.Debug|x64.Build.0 = Debug|Any CPU
		{BDAE60A5-920C-4A7D-A56C-CA997D62B0B6}.Debug|x86.ActiveCfg = Debug|Any CPU
		{BDAE60A5-920C-4A7D-A56C-CA997D62B0B6}.Debug|x86.Build.0 = Debug|Any CPU
		{BDAE60A5-920C-4A7D-A56C-CA997D62B0B6}.Release|Any CPU.ActiveCfg = Release|Any CPU
		{BDAE60A5-920C-4A7D-A56C-CA997D62B0B6}.Release|Any CPU.Build.0 = Release|Any CPU
		{BDAE60A5-920C-4A7D-A56C-CA997D62B0B6}.Release|x64.ActiveCfg = Release|Any CPU
		{BDAE60A5-920C-4A7D-A56C-CA997D62B0B6}.Release|x64.Build.0 = Release|Any CPU
		{BDAE60A5-920C-4A7D-A56C-CA997D62B0B6}.Release|x86.ActiveCfg = Release|Any CPU
		{BDAE60A5-920C-4A7D-A56C-CA997D62B0B6}.Release|x86.Build.0 = Release|Any CPU
		{4CA1551F-42EF-4812-A804-A1FA50039147}.Debug|Any CPU.ActiveCfg = Debug|Any CPU
		{4CA1551F-42EF-4812-A804-A1FA50039147}.Debug|Any CPU.Build.0 = Debug|Any CPU
		{4CA1551F-42EF-4812-A804-A1FA50039147}.Debug|x64.ActiveCfg = Debug|Any CPU
		{4CA1551F-42EF-4812-A804-A1FA50039147}.Debug|x64.Build.0 = Debug|Any CPU
		{4CA1551F-42EF-4812-A804-A1FA50039147}.Debug|x86.ActiveCfg = Debug|Any CPU
		{4CA1551F-42EF-4812-A804-A1FA50039147}.Debug|x86.Build.0 = Debug|Any CPU
		{4CA1551F-42EF-4812-A804-A1FA50039147}.Release|Any CPU.ActiveCfg = Release|Any CPU
		{4CA1551F-42EF-4812-A804-A1FA50039147}.Release|Any CPU.Build.0 = Release|Any CPU
		{4CA1551F-42EF-4812-A804-A1FA50039147}.Release|x64.ActiveCfg = Release|Any CPU
		{4CA1551F-42EF-4812-A804-A1FA50039147}.Release|x64.Build.0 = Release|Any CPU
		{4CA1551F-42EF-4812-A804-A1FA50039147}.Release|x86.ActiveCfg = Release|Any CPU
		{4CA1551F-42EF-4812-A804-A1FA50039147}.Release|x86.Build.0 = Release|Any CPU
		{3EC53F39-C107-45D5-9B21-24DFB4A4DCD1}.Debug|Any CPU.ActiveCfg = Debug|Any CPU
		{3EC53F39-C107-45D5-9B21-24DFB4A4DCD1}.Debug|Any CPU.Build.0 = Debug|Any CPU
		{3EC53F39-C107-45D5-9B21-24DFB4A4DCD1}.Debug|x64.ActiveCfg = Debug|Any CPU
		{3EC53F39-C107-45D5-9B21-24DFB4A4DCD1}.Debug|x64.Build.0 = Debug|Any CPU
		{3EC53F39-C107-45D5-9B21-24DFB4A4DCD1}.Debug|x86.ActiveCfg = Debug|Any CPU
		{3EC53F39-C107-45D5-9B21-24DFB4A4DCD1}.Debug|x86.Build.0 = Debug|Any CPU
		{3EC53F39-C107-45D5-9B21-24DFB4A4DCD1}.Release|Any CPU.ActiveCfg = Release|Any CPU
		{3EC53F39-C107-45D5-9B21-24DFB4A4DCD1}.Release|Any CPU.Build.0 = Release|Any CPU
		{3EC53F39-C107-45D5-9B21-24DFB4A4DCD1}.Release|x64.ActiveCfg = Release|Any CPU
		{3EC53F39-C107-45D5-9B21-24DFB4A4DCD1}.Release|x64.Build.0 = Release|Any CPU
		{3EC53F39-C107-45D5-9B21-24DFB4A4DCD1}.Release|x86.ActiveCfg = Release|Any CPU
		{3EC53F39-C107-45D5-9B21-24DFB4A4DCD1}.Release|x86.Build.0 = Release|Any CPU
		{DA386F08-9F6B-45EB-8766-868BF486C7BE}.Debug|Any CPU.ActiveCfg = Debug|Any CPU
		{DA386F08-9F6B-45EB-8766-868BF486C7BE}.Debug|Any CPU.Build.0 = Debug|Any CPU
		{DA386F08-9F6B-45EB-8766-868BF486C7BE}.Debug|x64.ActiveCfg = Debug|Any CPU
		{DA386F08-9F6B-45EB-8766-868BF486C7BE}.Debug|x64.Build.0 = Debug|Any CPU
		{DA386F08-9F6B-45EB-8766-868BF486C7BE}.Debug|x86.ActiveCfg = Debug|Any CPU
		{DA386F08-9F6B-45EB-8766-868BF486C7BE}.Debug|x86.Build.0 = Debug|Any CPU
		{DA386F08-9F6B-45EB-8766-868BF486C7BE}.Release|Any CPU.ActiveCfg = Release|Any CPU
		{DA386F08-9F6B-45EB-8766-868BF486C7BE}.Release|Any CPU.Build.0 = Release|Any CPU
		{DA386F08-9F6B-45EB-8766-868BF486C7BE}.Release|x64.ActiveCfg = Release|Any CPU
		{DA386F08-9F6B-45EB-8766-868BF486C7BE}.Release|x64.Build.0 = Release|Any CPU
		{DA386F08-9F6B-45EB-8766-868BF486C7BE}.Release|x86.ActiveCfg = Release|Any CPU
		{DA386F08-9F6B-45EB-8766-868BF486C7BE}.Release|x86.Build.0 = Release|Any CPU
		{78D1C038-C145-480A-8C13-C2CD79BFBA03}.Debug|Any CPU.ActiveCfg = Debug|Any CPU
		{78D1C038-C145-480A-8C13-C2CD79BFBA03}.Debug|Any CPU.Build.0 = Debug|Any CPU
		{78D1C038-C145-480A-8C13-C2CD79BFBA03}.Debug|x64.ActiveCfg = Debug|Any CPU
		{78D1C038-C145-480A-8C13-C2CD79BFBA03}.Debug|x64.Build.0 = Debug|Any CPU
		{78D1C038-C145-480A-8C13-C2CD79BFBA03}.Debug|x86.ActiveCfg = Debug|Any CPU
		{78D1C038-C145-480A-8C13-C2CD79BFBA03}.Debug|x86.Build.0 = Debug|Any CPU
		{78D1C038-C145-480A-8C13-C2CD79BFBA03}.Release|Any CPU.ActiveCfg = Release|Any CPU
		{78D1C038-C145-480A-8C13-C2CD79BFBA03}.Release|Any CPU.Build.0 = Release|Any CPU
		{78D1C038-C145-480A-8C13-C2CD79BFBA03}.Release|x64.ActiveCfg = Release|Any CPU
		{78D1C038-C145-480A-8C13-C2CD79BFBA03}.Release|x64.Build.0 = Release|Any CPU
		{78D1C038-C145-480A-8C13-C2CD79BFBA03}.Release|x86.ActiveCfg = Release|Any CPU
		{78D1C038-C145-480A-8C13-C2CD79BFBA03}.Release|x86.Build.0 = Release|Any CPU
		{29032E00-D186-404C-9387-937F376AF071}.Debug|Any CPU.ActiveCfg = Debug|Any CPU
		{29032E00-D186-404C-9387-937F376AF071}.Debug|Any CPU.Build.0 = Debug|Any CPU
		{29032E00-D186-404C-9387-937F376AF071}.Debug|x64.ActiveCfg = Debug|Any CPU
		{29032E00-D186-404C-9387-937F376AF071}.Debug|x64.Build.0 = Debug|Any CPU
		{29032E00-D186-404C-9387-937F376AF071}.Debug|x86.ActiveCfg = Debug|Any CPU
		{29032E00-D186-404C-9387-937F376AF071}.Debug|x86.Build.0 = Debug|Any CPU
		{29032E00-D186-404C-9387-937F376AF071}.Release|Any CPU.ActiveCfg = Release|Any CPU
		{29032E00-D186-404C-9387-937F376AF071}.Release|Any CPU.Build.0 = Release|Any CPU
		{29032E00-D186-404C-9387-937F376AF071}.Release|x64.ActiveCfg = Release|Any CPU
		{29032E00-D186-404C-9387-937F376AF071}.Release|x64.Build.0 = Release|Any CPU
		{29032E00-D186-404C-9387-937F376AF071}.Release|x86.ActiveCfg = Release|Any CPU
		{29032E00-D186-404C-9387-937F376AF071}.Release|x86.Build.0 = Release|Any CPU
		{074EBFA6-9B15-4196-A38A-EF739DDF3DBB}.Debug|Any CPU.ActiveCfg = Debug|Any CPU
		{074EBFA6-9B15-4196-A38A-EF739DDF3DBB}.Debug|Any CPU.Build.0 = Debug|Any CPU
		{074EBFA6-9B15-4196-A38A-EF739DDF3DBB}.Debug|x64.ActiveCfg = Debug|Any CPU
		{074EBFA6-9B15-4196-A38A-EF739DDF3DBB}.Debug|x64.Build.0 = Debug|Any CPU
		{074EBFA6-9B15-4196-A38A-EF739DDF3DBB}.Debug|x86.ActiveCfg = Debug|Any CPU
		{074EBFA6-9B15-4196-A38A-EF739DDF3DBB}.Debug|x86.Build.0 = Debug|Any CPU
		{074EBFA6-9B15-4196-A38A-EF739DDF3DBB}.Release|Any CPU.ActiveCfg = Release|Any CPU
		{074EBFA6-9B15-4196-A38A-EF739DDF3DBB}.Release|Any CPU.Build.0 = Release|Any CPU
		{074EBFA6-9B15-4196-A38A-EF739DDF3DBB}.Release|x64.ActiveCfg = Release|Any CPU
		{074EBFA6-9B15-4196-A38A-EF739DDF3DBB}.Release|x64.Build.0 = Release|Any CPU
		{074EBFA6-9B15-4196-A38A-EF739DDF3DBB}.Release|x86.ActiveCfg = Release|Any CPU
		{074EBFA6-9B15-4196-A38A-EF739DDF3DBB}.Release|x86.Build.0 = Release|Any CPU
	EndGlobalSection
	GlobalSection(NestedProjects) = preSolution
		{BDAE60A5-920C-4A7D-A56C-CA997D62B0B6} = {EE66063E-BADC-46F7-9F90-C4007CF01B80}
		{4CA1551F-42EF-4812-A804-A1FA50039147} = {FF85C2EC-A1D5-4B72-8550-2400F2B918F1}
		{3EC53F39-C107-45D5-9B21-24DFB4A4DCD1} = {EE66063E-BADC-46F7-9F90-C4007CF01B80}
		{DA386F08-9F6B-45EB-8766-868BF486C7BE} = {EE66063E-BADC-46F7-9F90-C4007CF01B80}
		{78D1C038-C145-480A-8C13-C2CD79BFBA03} = {EE66063E-BADC-46F7-9F90-C4007CF01B80}
		{29032E00-D186-404C-9387-937F376AF071} = {EE66063E-BADC-46F7-9F90-C4007CF01B80}
		{074EBFA6-9B15-4196-A38A-EF739DDF3DBB} = {EE66063E-BADC-46F7-9F90-C4007CF01B80}
	EndGlobalSection
EndGlobal
