
Microsoft Visual Studio Solution File, Format Version 12.00
# Visual Studio 15
VisualStudioVersion = 15.0.26124.0
MinimumVisualStudioVersion = 15.0.26124.0
Project("{2150E333-8FDC-42A3-9474-1A3956D46DE8}") = "src", "src", "{26CA1D8A-E57D-41BE-B248-89750EB21F00}"
EndProject
Project("{FAE04EC0-301F-11D3-BF4B-00C04F79EFBC}") = "Jhipster", "src\Jhipster\Jhipster.csproj", "{6BE18299-37BF-4EFB-BBAB-6823A554EE48}"
EndProject
Project("{2150E333-8FDC-42A3-9474-1A3956D46DE8}") = "test", "test", "{63CBA40E-258C-4363-9330-42E60E881A0B}"
EndProject
Project("{FAE04EC0-301F-11D3-BF4B-00C04F79EFBC}") = "Jhipster.Test", "test\Jhipster.Test\Jhipster.Test.csproj", "{020878FB-0BDC-4652-8A88-3128AC633596}"
EndProject
Project("{FAE04EC0-301F-11D3-BF4B-00C04F79EFBC}") = "Jhipster.Crosscutting", "src\Jhipster.Crosscutting\Jhipster.Crosscutting.csproj", "{37DB3308-086F-4631-B192-B0D6F4445962}"
EndProject
Project("{FAE04EC0-301F-11D3-BF4B-00C04F79EFBC}") = "Jhipster.Domain", "src\Jhipster.Domain\Jhipster.Domain.csproj", "{485CD4FA-1BCC-45D4-A7CF-B070339961C0}"
EndProject
Project("{FAE04EC0-301F-11D3-BF4B-00C04F79EFBC}") = "Jhipster.Dto", "src\Jhipster.Dto\Jhipster.Dto.csproj", "{97F37F14-E730-45FD-A753-62CDD0522EB8}"
EndProject
Project("{FAE04EC0-301F-11D3-BF4B-00C04F79EFBC}") = "Jhipster.Domain.Services", "src\Jhipster.Domain.Services\Jhipster.Domain.Services.csproj", "{D9F66A14-D0CC-4506-9BFE-626E69564367}"
EndProject
Project("{FAE04EC0-301F-11D3-BF4B-00C04F79EFBC}") = "Jhipster.Infrastructure", "src\Jhipster.Infrastructure\Jhipster.Infrastructure.csproj", "{49CC286E-88F7-4CC7-91C1-E40A254E040A}"
EndProject
Global
	GlobalSection(SolutionConfigurationPlatforms) = preSolution
		Debug|Any CPU = Debug|Any CPU
		Debug|x64 = Debug|x64
		Debug|x86 = Debug|x86
		Release|Any CPU = Release|Any CPU
		Release|x64 = Release|x64
		Release|x86 = Release|x86
	EndGlobalSection
	GlobalSection(SolutionProperties) = preSolution
		HideSolutionNode = FALSE
	EndGlobalSection
	GlobalSection(ProjectConfigurationPlatforms) = postSolution
		{6BE18299-37BF-4EFB-BBAB-6823A554EE48}.Debug|Any CPU.ActiveCfg = Debug|Any CPU
		{6BE18299-37BF-4EFB-BBAB-6823A554EE48}.Debug|Any CPU.Build.0 = Debug|Any CPU
		{6BE18299-37BF-4EFB-BBAB-6823A554EE48}.Debug|x64.ActiveCfg = Debug|Any CPU
		{6BE18299-37BF-4EFB-BBAB-6823A554EE48}.Debug|x64.Build.0 = Debug|Any CPU
		{6BE18299-37BF-4EFB-BBAB-6823A554EE48}.Debug|x86.ActiveCfg = Debug|Any CPU
		{6BE18299-37BF-4EFB-BBAB-6823A554EE48}.Debug|x86.Build.0 = Debug|Any CPU
		{6BE18299-37BF-4EFB-BBAB-6823A554EE48}.Release|Any CPU.ActiveCfg = Release|Any CPU
		{6BE18299-37BF-4EFB-BBAB-6823A554EE48}.Release|Any CPU.Build.0 = Release|Any CPU
		{6BE18299-37BF-4EFB-BBAB-6823A554EE48}.Release|x64.ActiveCfg = Release|Any CPU
		{6BE18299-37BF-4EFB-BBAB-6823A554EE48}.Release|x64.Build.0 = Release|Any CPU
		{6BE18299-37BF-4EFB-BBAB-6823A554EE48}.Release|x86.ActiveCfg = Release|Any CPU
		{6BE18299-37BF-4EFB-BBAB-6823A554EE48}.Release|x86.Build.0 = Release|Any CPU
		{020878FB-0BDC-4652-8A88-3128AC633596}.Debug|Any CPU.ActiveCfg = Debug|Any CPU
		{020878FB-0BDC-4652-8A88-3128AC633596}.Debug|Any CPU.Build.0 = Debug|Any CPU
		{020878FB-0BDC-4652-8A88-3128AC633596}.Debug|x64.ActiveCfg = Debug|Any CPU
		{020878FB-0BDC-4652-8A88-3128AC633596}.Debug|x64.Build.0 = Debug|Any CPU
		{020878FB-0BDC-4652-8A88-3128AC633596}.Debug|x86.ActiveCfg = Debug|Any CPU
		{020878FB-0BDC-4652-8A88-3128AC633596}.Debug|x86.Build.0 = Debug|Any CPU
		{020878FB-0BDC-4652-8A88-3128AC633596}.Release|Any CPU.ActiveCfg = Release|Any CPU
		{020878FB-0BDC-4652-8A88-3128AC633596}.Release|Any CPU.Build.0 = Release|Any CPU
		{020878FB-0BDC-4652-8A88-3128AC633596}.Release|x64.ActiveCfg = Release|Any CPU
		{020878FB-0BDC-4652-8A88-3128AC633596}.Release|x64.Build.0 = Release|Any CPU
		{020878FB-0BDC-4652-8A88-3128AC633596}.Release|x86.ActiveCfg = Release|Any CPU
		{020878FB-0BDC-4652-8A88-3128AC633596}.Release|x86.Build.0 = Release|Any CPU
		{37DB3308-086F-4631-B192-B0D6F4445962}.Debug|Any CPU.ActiveCfg = Debug|Any CPU
		{37DB3308-086F-4631-B192-B0D6F4445962}.Debug|Any CPU.Build.0 = Debug|Any CPU
		{37DB3308-086F-4631-B192-B0D6F4445962}.Debug|x64.ActiveCfg = Debug|Any CPU
		{37DB3308-086F-4631-B192-B0D6F4445962}.Debug|x64.Build.0 = Debug|Any CPU
		{37DB3308-086F-4631-B192-B0D6F4445962}.Debug|x86.ActiveCfg = Debug|Any CPU
		{37DB3308-086F-4631-B192-B0D6F4445962}.Debug|x86.Build.0 = Debug|Any CPU
		{37DB3308-086F-4631-B192-B0D6F4445962}.Release|Any CPU.ActiveCfg = Release|Any CPU
		{37DB3308-086F-4631-B192-B0D6F4445962}.Release|Any CPU.Build.0 = Release|Any CPU
		{37DB3308-086F-4631-B192-B0D6F4445962}.Release|x64.ActiveCfg = Release|Any CPU
		{37DB3308-086F-4631-B192-B0D6F4445962}.Release|x64.Build.0 = Release|Any CPU
		{37DB3308-086F-4631-B192-B0D6F4445962}.Release|x86.ActiveCfg = Release|Any CPU
		{37DB3308-086F-4631-B192-B0D6F4445962}.Release|x86.Build.0 = Release|Any CPU
		{485CD4FA-1BCC-45D4-A7CF-B070339961C0}.Debug|Any CPU.ActiveCfg = Debug|Any CPU
		{485CD4FA-1BCC-45D4-A7CF-B070339961C0}.Debug|Any CPU.Build.0 = Debug|Any CPU
		{485CD4FA-1BCC-45D4-A7CF-B070339961C0}.Debug|x64.ActiveCfg = Debug|Any CPU
		{485CD4FA-1BCC-45D4-A7CF-B070339961C0}.Debug|x64.Build.0 = Debug|Any CPU
		{485CD4FA-1BCC-45D4-A7CF-B070339961C0}.Debug|x86.ActiveCfg = Debug|Any CPU
		{485CD4FA-1BCC-45D4-A7CF-B070339961C0}.Debug|x86.Build.0 = Debug|Any CPU
		{485CD4FA-1BCC-45D4-A7CF-B070339961C0}.Release|Any CPU.ActiveCfg = Release|Any CPU
		{485CD4FA-1BCC-45D4-A7CF-B070339961C0}.Release|Any CPU.Build.0 = Release|Any CPU
		{485CD4FA-1BCC-45D4-A7CF-B070339961C0}.Release|x64.ActiveCfg = Release|Any CPU
		{485CD4FA-1BCC-45D4-A7CF-B070339961C0}.Release|x64.Build.0 = Release|Any CPU
		{485CD4FA-1BCC-45D4-A7CF-B070339961C0}.Release|x86.ActiveCfg = Release|Any CPU
		{485CD4FA-1BCC-45D4-A7CF-B070339961C0}.Release|x86.Build.0 = Release|Any CPU
		{97F37F14-E730-45FD-A753-62CDD0522EB8}.Debug|Any CPU.ActiveCfg = Debug|Any CPU
		{97F37F14-E730-45FD-A753-62CDD0522EB8}.Debug|Any CPU.Build.0 = Debug|Any CPU
		{97F37F14-E730-45FD-A753-62CDD0522EB8}.Debug|x64.ActiveCfg = Debug|Any CPU
		{97F37F14-E730-45FD-A753-62CDD0522EB8}.Debug|x64.Build.0 = Debug|Any CPU
		{97F37F14-E730-45FD-A753-62CDD0522EB8}.Debug|x86.ActiveCfg = Debug|Any CPU
		{97F37F14-E730-45FD-A753-62CDD0522EB8}.Debug|x86.Build.0 = Debug|Any CPU
		{97F37F14-E730-45FD-A753-62CDD0522EB8}.Release|Any CPU.ActiveCfg = Release|Any CPU
		{97F37F14-E730-45FD-A753-62CDD0522EB8}.Release|Any CPU.Build.0 = Release|Any CPU
		{97F37F14-E730-45FD-A753-62CDD0522EB8}.Release|x64.ActiveCfg = Release|Any CPU
		{97F37F14-E730-45FD-A753-62CDD0522EB8}.Release|x64.Build.0 = Release|Any CPU
		{97F37F14-E730-45FD-A753-62CDD0522EB8}.Release|x86.ActiveCfg = Release|Any CPU
		{97F37F14-E730-45FD-A753-62CDD0522EB8}.Release|x86.Build.0 = Release|Any CPU
		{D9F66A14-D0CC-4506-9BFE-626E69564367}.Debug|Any CPU.ActiveCfg = Debug|Any CPU
		{D9F66A14-D0CC-4506-9BFE-626E69564367}.Debug|Any CPU.Build.0 = Debug|Any CPU
		{D9F66A14-D0CC-4506-9BFE-626E69564367}.Debug|x64.ActiveCfg = Debug|Any CPU
		{D9F66A14-D0CC-4506-9BFE-626E69564367}.Debug|x64.Build.0 = Debug|Any CPU
		{D9F66A14-D0CC-4506-9BFE-626E69564367}.Debug|x86.ActiveCfg = Debug|Any CPU
		{D9F66A14-D0CC-4506-9BFE-626E69564367}.Debug|x86.Build.0 = Debug|Any CPU
		{D9F66A14-D0CC-4506-9BFE-626E69564367}.Release|Any CPU.ActiveCfg = Release|Any CPU
		{D9F66A14-D0CC-4506-9BFE-626E69564367}.Release|Any CPU.Build.0 = Release|Any CPU
		{D9F66A14-D0CC-4506-9BFE-626E69564367}.Release|x64.ActiveCfg = Release|Any CPU
		{D9F66A14-D0CC-4506-9BFE-626E69564367}.Release|x64.Build.0 = Release|Any CPU
		{D9F66A14-D0CC-4506-9BFE-626E69564367}.Release|x86.ActiveCfg = Release|Any CPU
		{D9F66A14-D0CC-4506-9BFE-626E69564367}.Release|x86.Build.0 = Release|Any CPU
		{49CC286E-88F7-4CC7-91C1-E40A254E040A}.Debug|Any CPU.ActiveCfg = Debug|Any CPU
		{49CC286E-88F7-4CC7-91C1-E40A254E040A}.Debug|Any CPU.Build.0 = Debug|Any CPU
		{49CC286E-88F7-4CC7-91C1-E40A254E040A}.Debug|x64.ActiveCfg = Debug|Any CPU
		{49CC286E-88F7-4CC7-91C1-E40A254E040A}.Debug|x64.Build.0 = Debug|Any CPU
		{49CC286E-88F7-4CC7-91C1-E40A254E040A}.Debug|x86.ActiveCfg = Debug|Any CPU
		{49CC286E-88F7-4CC7-91C1-E40A254E040A}.Debug|x86.Build.0 = Debug|Any CPU
		{49CC286E-88F7-4CC7-91C1-E40A254E040A}.Release|Any CPU.ActiveCfg = Release|Any CPU
		{49CC286E-88F7-4CC7-91C1-E40A254E040A}.Release|Any CPU.Build.0 = Release|Any CPU
		{49CC286E-88F7-4CC7-91C1-E40A254E040A}.Release|x64.ActiveCfg = Release|Any CPU
		{49CC286E-88F7-4CC7-91C1-E40A254E040A}.Release|x64.Build.0 = Release|Any CPU
		{49CC286E-88F7-4CC7-91C1-E40A254E040A}.Release|x86.ActiveCfg = Release|Any CPU
		{49CC286E-88F7-4CC7-91C1-E40A254E040A}.Release|x86.Build.0 = Release|Any CPU
	EndGlobalSection
	GlobalSection(NestedProjects) = preSolution
		{6BE18299-37BF-4EFB-BBAB-6823A554EE48} = {26CA1D8A-E57D-41BE-B248-89750EB21F00}
		{020878FB-0BDC-4652-8A88-3128AC633596} = {63CBA40E-258C-4363-9330-42E60E881A0B}
		{37DB3308-086F-4631-B192-B0D6F4445962} = {26CA1D8A-E57D-41BE-B248-89750EB21F00}
		{485CD4FA-1BCC-45D4-A7CF-B070339961C0} = {26CA1D8A-E57D-41BE-B248-89750EB21F00}
		{97F37F14-E730-45FD-A753-62CDD0522EB8} = {26CA1D8A-E57D-41BE-B248-89750EB21F00}
		{D9F66A14-D0CC-4506-9BFE-626E69564367} = {26CA1D8A-E57D-41BE-B248-89750EB21F00}
		{49CC286E-88F7-4CC7-91C1-E40A254E040A} = {26CA1D8A-E57D-41BE-B248-89750EB21F00}
	EndGlobalSection
EndGlobal
